
Microsoft Visual Studio Solution File, Format Version 12.00
# Visual Studio Version 17
VisualStudioVersion = 17.0.31903.59
MinimumVisualStudioVersion = 10.0.40219.1
Project("{2150E333-8FDC-42A3-9474-1A3956D46DE8}") = "src", "src", "{D53802EC-10FA-4666-AA01-A4968AB3B1B5}"
EndProject
Project("{FAE04EC0-301F-11D3-BF4B-00C04F79EFBC}") = "StackSifter", "src\StackSifter\StackSifter.csproj", "{EB12C39E-1BA1-4F11-8347-D1C4D26F1CCF}"
EndProject
Project("{2150E333-8FDC-42A3-9474-1A3956D46DE8}") = "tests", "tests", "{A94043EA-F733-4BFA-BC5D-66C57DBC2706}"
EndProject
Project("{FAE04EC0-301F-11D3-BF4B-00C04F79EFBC}") = "StackSifter.Tests", "tests\StackSifter.Tests\StackSifter.Tests.csproj", "{52AA9565-24E3-4D5F-A42C-74B14A26BFCF}"
EndProject
Global
	GlobalSection(SolutionConfigurationPlatforms) = preSolution
		Debug|Any CPU = Debug|Any CPU
		Release|Any CPU = Release|Any CPU
	EndGlobalSection
	GlobalSection(SolutionProperties) = preSolution
		HideSolutionNode = FALSE
	EndGlobalSection
	GlobalSection(ProjectConfigurationPlatforms) = postSolution
		{EB12C39E-1BA1-4F11-8347-D1C4D26F1CCF}.Debug|Any CPU.ActiveCfg = Debug|Any CPU
		{EB12C39E-1BA1-4F11-8347-D1C4D26F1CCF}.Debug|Any CPU.Build.0 = Debug|Any CPU
		{EB12C39E-1BA1-4F11-8347-D1C4D26F1CCF}.Release|Any CPU.ActiveCfg = Release|Any CPU
		{EB12C39E-1BA1-4F11-8347-D1C4D26F1CCF}.Release|Any CPU.Build.0 = Release|Any CPU
		{52AA9565-24E3-4D5F-A42C-74B14A26BFCF}.Debug|Any CPU.ActiveCfg = Debug|Any CPU
		{52AA9565-24E3-4D5F-A42C-74B14A26BFCF}.Debug|Any CPU.Build.0 = Debug|Any CPU
		{52AA9565-24E3-4D5F-A42C-74B14A26BFCF}.Release|Any CPU.ActiveCfg = Release|Any CPU
		{52AA9565-24E3-4D5F-A42C-74B14A26BFCF}.Release|Any CPU.Build.0 = Release|Any CPU
	EndGlobalSection
	GlobalSection(NestedProjects) = preSolution
		{EB12C39E-1BA1-4F11-8347-D1C4D26F1CCF} = {D53802EC-10FA-4666-AA01-A4968AB3B1B5}
		{52AA9565-24E3-4D5F-A42C-74B14A26BFCF} = {A94043EA-F733-4BFA-BC5D-66C57DBC2706}
	EndGlobalSection
EndGlobal
